{
  "name": "testpackages",
  "version": "1.0.0",
  "lockfileVersion": 1,
  "requires": true,
  "dependencies": {
    "Validator": {
      "version": "1.0.5",
      "resolved": "http://registry.npm.taobao.org/Validator/download/Validator-1.0.5.tgz",
      "integrity": "sha1-XNU8v5T+HD8FZsKvgV1g9KzTR94="
    },
    "validator": {
      "version": "9.1.1",
      "resolved": "http://registry.npm.taobao.org/validator/download/validator-9.1.1.tgz",
      "integrity": "sha1-O90QZcvSj52WrIBt7gEDDTL9l+8="
    }
  }
}
