{
  "name": "test-memjs",
  "version": "1.0.0",
  "lockfileVersion": 1,
  "requires": true,
  "dependencies": {
    "memjs": {
      "version": "1.0.0-rc.1",
      "resolved": "http://registry.npm.taobao.org/memjs/download/memjs-1.0.0-rc.1.tgz",
      "integrity": "sha1-LzIPBPXeQxGPqhVMiaEUB9e1P3E="
    }
  }
}
