{
  "name": "usepa",
  "version": "1.0.0",
  "lockfileVersion": 1,
  "requires": true,
  "dependencies": {
    "lodash": {
      "version": "4.17.4",
      "resolved": "https://registry.npmjs.org/lodash/-/lodash-4.17.4.tgz",
      "integrity": "sha1-eCA6TRwyiuHYbcpkYONptX9AVa4="
    },
    "pa": {
      "version": "github:hbshun/pa#8f636b6678e2905dc1f764a47a8be839bbc90f43"
    }
  }
}
