{
  "name": "usepa",
  "version": "1.0.0",
  "lockfileVersion": 1,
  "requires": true,
  "dependencies": {
    "lodash": {
      "version": "4.17.19",
      "resolved": "https://registry.npmjs.org/lodash/-/lodash-4.17.19.tgz",
      "integrity": "sha512-JNvd8XER9GQX0v2qJgsaN/mzFCNA5BRe/j8JN9d+tWyGLSodKQHKFicdwNYzWwI3wjRnaKPsGj1XkBjx/F96DQ=="
    },
    "pa": {
      "version": "github:hbshun/pa#8f636b6678e2905dc1f764a47a8be839bbc90f43",
      "from": "github:hbshun/pa#8f636b6678e2905dc1f764a47a8be839bbc90f43"
    }
  }
}
